
Microsoft Visual Studio Solution File, Format Version 12.00
# Visual Studio Version 17
VisualStudioVersion = 17.4.33205.214
MinimumVisualStudioVersion = 10.0.40219.1
Project("{FAE04EC0-301F-11D3-BF4B-00C04F79EFBC}") = "AdminApp", "AdminApp\AdminApp.csproj", "{0B4248A8-034B-4B1D-996B-BC704828B864}"
EndProject
Project("{FAE04EC0-301F-11D3-BF4B-00C04F79EFBC}") = "SalesManApp", "SalesManApp\SalesManApp.csproj", "{E9AD08BF-7666-42A3-AA50-55714D6640A7}"
EndProject
Project("{FAE04EC0-301F-11D3-BF4B-00C04F79EFBC}") = "ClientApp", "ClientApp\ClientApp.csproj", "{44220D8F-F267-48D0-B200-39C416D91E58}"
EndProject
Project("{FAE04EC0-301F-11D3-BF4B-00C04F79EFBC}") = "ManagerApp", "ManagerApp\ManagerApp.csproj", "{2EFFF806-DADB-4B20-B019-8B105BB1EE7F}"
EndProject
Project("{FAE04EC0-301F-11D3-BF4B-00C04F79EFBC}") = "AnalystApp", "AnalystApp\AnalystApp.csproj", "{ECD0126C-B8B0-46E9-AE7F-8DE382BC2997}"
EndProject
Global
	GlobalSection(SolutionConfigurationPlatforms) = preSolution
		Debug|Any CPU = Debug|Any CPU
		Release|Any CPU = Release|Any CPU
	EndGlobalSection
	GlobalSection(ProjectConfigurationPlatforms) = postSolution
		{0B4248A8-034B-4B1D-996B-BC704828B864}.Debug|Any CPU.ActiveCfg = Debug|Any CPU
		{0B4248A8-034B-4B1D-996B-BC704828B864}.Debug|Any CPU.Build.0 = Debug|Any CPU
		{0B4248A8-034B-4B1D-996B-BC704828B864}.Release|Any CPU.ActiveCfg = Release|Any CPU
		{0B4248A8-034B-4B1D-996B-BC704828B864}.Release|Any CPU.Build.0 = Release|Any CPU
		{E9AD08BF-7666-42A3-AA50-55714D6640A7}.Debug|Any CPU.ActiveCfg = Debug|Any CPU
		{E9AD08BF-7666-42A3-AA50-55714D6640A7}.Debug|Any CPU.Build.0 = Debug|Any CPU
		{E9AD08BF-7666-42A3-AA50-55714D6640A7}.Release|Any CPU.ActiveCfg = Release|Any CPU
		{E9AD08BF-7666-42A3-AA50-55714D6640A7}.Release|Any CPU.Build.0 = Release|Any CPU
		{44220D8F-F267-48D0-B200-39C416D91E58}.Debug|Any CPU.ActiveCfg = Debug|Any CPU
		{44220D8F-F267-48D0-B200-39C416D91E58}.Debug|Any CPU.Build.0 = Debug|Any CPU
		{44220D8F-F267-48D0-B200-39C416D91E58}.Release|Any CPU.ActiveCfg = Release|Any CPU
		{44220D8F-F267-48D0-B200-39C416D91E58}.Release|Any CPU.Build.0 = Release|Any CPU
		{2EFFF806-DADB-4B20-B019-8B105BB1EE7F}.Debug|Any CPU.ActiveCfg = Debug|Any CPU
		{2EFFF806-DADB-4B20-B019-8B105BB1EE7F}.Debug|Any CPU.Build.0 = Debug|Any CPU
		{2EFFF806-DADB-4B20-B019-8B105BB1EE7F}.Release|Any CPU.ActiveCfg = Release|Any CPU
		{2EFFF806-DADB-4B20-B019-8B105BB1EE7F}.Release|Any CPU.Build.0 = Release|Any CPU
		{ECD0126C-B8B0-46E9-AE7F-8DE382BC2997}.Debug|Any CPU.ActiveCfg = Debug|Any CPU
		{ECD0126C-B8B0-46E9-AE7F-8DE382BC2997}.Debug|Any CPU.Build.0 = Debug|Any CPU
		{ECD0126C-B8B0-46E9-AE7F-8DE382BC2997}.Release|Any CPU.ActiveCfg = Release|Any CPU
		{ECD0126C-B8B0-46E9-AE7F-8DE382BC2997}.Release|Any CPU.Build.0 = Release|Any CPU
	EndGlobalSection
	GlobalSection(SolutionProperties) = preSolution
		HideSolutionNode = FALSE
	EndGlobalSection
	GlobalSection(ExtensibilityGlobals) = postSolution
		SolutionGuid = {646B7048-E409-4D74-A288-5A7AB51D0BD9}
	EndGlobalSection
EndGlobal
